
Microsoft Visual Studio Solution File, Format Version 12.00
Project("{FAE04EC0-301F-11D3-BF4B-00C04F79EFBC}") = "LiskovPrinciple", "LiskovPrinciple\LiskovPrinciple.csproj", "{B850A898-88E5-427C-AA67-58F751A7B248}"
EndProject
Global
	GlobalSection(SolutionConfigurationPlatforms) = preSolution
		Debug|Any CPU = Debug|Any CPU
		Release|Any CPU = Release|Any CPU
	EndGlobalSection
	GlobalSection(ProjectConfigurationPlatforms) = postSolution
		{B850A898-88E5-427C-AA67-58F751A7B248}.Debug|Any CPU.ActiveCfg = Debug|Any CPU
		{B850A898-88E5-427C-AA67-58F751A7B248}.Debug|Any CPU.Build.0 = Debug|Any CPU
		{B850A898-88E5-427C-AA67-58F751A7B248}.Release|Any CPU.ActiveCfg = Release|Any CPU
		{B850A898-88E5-427C-AA67-58F751A7B248}.Release|Any CPU.Build.0 = Release|Any CPU
	EndGlobalSection
EndGlobal
